
Microsoft Visual Studio Solution File, Format Version 12.00
# Visual Studio Version 16
VisualStudioVersion = 16.0.31911.196
MinimumVisualStudioVersion = 10.0.40219.1
Project("{FAE04EC0-301F-11D3-BF4B-00C04F79EFBC}") = "TimeTrackerDataManager", "TimeTrackerDataManager\TimeTrackerDataManager.csproj", "{7A4DA670-DDDE-4FE9-BFA4-396362D044A0}"
EndProject
Project("{00D1A9C2-B5F0-4AF3-8072-F6C62B433612}") = "TimeTrackerData", "TimeTracingData\TimeTrackerData.sqlproj", "{1758C01B-6BEB-4BFB-AC67-BEB540AFBA0D}"
EndProject
Project("{FAE04EC0-301F-11D3-BF4B-00C04F79EFBC}") = "TimeTrackerWPFUserInterface", "TimeTrackerWPFUserInterface\TimeTrackerWPFUserInterface.csproj", "{FB257BE3-A1E2-496E-99B9-3152B0C6F243}"
EndProject
Global
	GlobalSection(SolutionConfigurationPlatforms) = preSolution
		Debug|Any CPU = Debug|Any CPU
		Release|Any CPU = Release|Any CPU
	EndGlobalSection
	GlobalSection(ProjectConfigurationPlatforms) = postSolution
		{7A4DA670-DDDE-4FE9-BFA4-396362D044A0}.Debug|Any CPU.ActiveCfg = Debug|Any CPU
		{7A4DA670-DDDE-4FE9-BFA4-396362D044A0}.Debug|Any CPU.Build.0 = Debug|Any CPU
		{7A4DA670-DDDE-4FE9-BFA4-396362D044A0}.Release|Any CPU.ActiveCfg = Release|Any CPU
		{7A4DA670-DDDE-4FE9-BFA4-396362D044A0}.Release|Any CPU.Build.0 = Release|Any CPU
		{1758C01B-6BEB-4BFB-AC67-BEB540AFBA0D}.Debug|Any CPU.ActiveCfg = Debug|Any CPU
		{1758C01B-6BEB-4BFB-AC67-BEB540AFBA0D}.Debug|Any CPU.Build.0 = Debug|Any CPU
		{1758C01B-6BEB-4BFB-AC67-BEB540AFBA0D}.Debug|Any CPU.Deploy.0 = Debug|Any CPU
		{1758C01B-6BEB-4BFB-AC67-BEB540AFBA0D}.Release|Any CPU.ActiveCfg = Release|Any CPU
		{1758C01B-6BEB-4BFB-AC67-BEB540AFBA0D}.Release|Any CPU.Build.0 = Release|Any CPU
		{1758C01B-6BEB-4BFB-AC67-BEB540AFBA0D}.Release|Any CPU.Deploy.0 = Release|Any CPU
		{FB257BE3-A1E2-496E-99B9-3152B0C6F243}.Debug|Any CPU.ActiveCfg = Debug|Any CPU
		{FB257BE3-A1E2-496E-99B9-3152B0C6F243}.Debug|Any CPU.Build.0 = Debug|Any CPU
		{FB257BE3-A1E2-496E-99B9-3152B0C6F243}.Release|Any CPU.ActiveCfg = Release|Any CPU
		{FB257BE3-A1E2-496E-99B9-3152B0C6F243}.Release|Any CPU.Build.0 = Release|Any CPU
	EndGlobalSection
	GlobalSection(SolutionProperties) = preSolution
		HideSolutionNode = FALSE
	EndGlobalSection
	GlobalSection(ExtensibilityGlobals) = postSolution
		SolutionGuid = {80BCDBB3-0E8D-48AA-BF38-E37137AF7246}
	EndGlobalSection
EndGlobal
